// !$*UTF8*$!
{
	archiveVersion = 1;
	classes = {
	};
	objectVersion = 45;
	objects = {

/* Begin PBXBuildFile section */
		B1A5A2320EFAF0B9008F1069 /* BTCairoContext.h in Headers */ = {isa = PBXBuildFile; fileRef = B1A5A22C0EFAF0B9008F1069 /* BTCairoContext.h */; };
		B1A5A2330EFAF0B9008F1069 /* BTCairoContext.m in Sources */ = {isa = PBXBuildFile; fileRef = B1A5A22D0EFAF0B9008F1069 /* BTCairoContext.m */; };
		B1A5A2340EFAF0B9008F1069 /* BTCairoImageSurface.h in Headers */ = {isa = PBXBuildFile; fileRef = B1A5A22E0EFAF0B9008F1069 /* BTCairoImageSurface.h */; };
		B1A5A2350EFAF0B9008F1069 /* BTCairoImageSurface.m in Sources */ = {isa = PBXBuildFile; fileRef = B1A5A22F0EFAF0B9008F1069 /* BTCairoImageSurface.m */; };
		B1A5A2360EFAF0B9008F1069 /* BTCairoSurface.h in Headers */ = {isa = PBXBuildFile; fileRef = B1A5A2300EFAF0B9008F1069 /* BTCairoSurface.h */; };
		B1A5A2370EFAF0B9008F1069 /* BTCairoSurface.m in Sources */ = {isa = PBXBuildFile; fileRef = B1A5A2310EFAF0B9008F1069 /* BTCairoSurface.m */; };
		B1A5A23A0EFAF1A1008F1069 /* libcairo.a in Frameworks */ = {isa = PBXBuildFile; fileRef = B1A5A2390EFAF1A1008F1069 /* libcairo.a */; };
		B1A5A2460EFAF771008F1069 /* BTCairo.h in Headers */ = {isa = PBXBuildFile; fileRef = B1A5A2450EFAF771008F1069 /* BTCairo.h */; };
		B1A5A24A0EFAFE94008F1069 /* BTCairoGeometry.h in Headers */ = {isa = PBXBuildFile; fileRef = B1A5A2490EFAFE94008F1069 /* BTCairoGeometry.h */; };
		B1A5A2A00EFB1283008F1069 /* BTCairoPattern.h in Headers */ = {isa = PBXBuildFile; fileRef = B1A5A29E0EFB1283008F1069 /* BTCairoPattern.h */; };
		B1A5A2A10EFB1283008F1069 /* BTCairoPattern.m in Sources */ = {isa = PBXBuildFile; fileRef = B1A5A29F0EFB1283008F1069 /* BTCairoPattern.m */; };
/* End PBXBuildFile section */

/* Begin PBXFileReference section */
		0867D69BFE84028FC02AAC07 /* Foundation.framework */ = {isa = PBXFileReference; lastKnownFileType = wrapper.framework; name = Foundation.framework; path = /System/Library/Frameworks/Foundation.framework; sourceTree = "<absolute>"; };
		32DBCF5E0370ADEE00C91783 /* objccairo_Prefix.pch */ = {isa = PBXFileReference; fileEncoding = 4; lastKnownFileType = sourcecode.c.h; path = objccairo_Prefix.pch; sourceTree = "<group>"; };
		B1A5A22C0EFAF0B9008F1069 /* BTCairoContext.h */ = {isa = PBXFileReference; fileEncoding = 4; lastKnownFileType = sourcecode.c.h; path = BTCairoContext.h; sourceTree = "<group>"; };
		B1A5A22D0EFAF0B9008F1069 /* BTCairoContext.m */ = {isa = PBXFileReference; fileEncoding = 4; lastKnownFileType = sourcecode.c.objc; path = BTCairoContext.m; sourceTree = "<group>"; };
		B1A5A22E0EFAF0B9008F1069 /* BTCairoImageSurface.h */ = {isa = PBXFileReference; fileEncoding = 4; lastKnownFileType = sourcecode.c.h; path = BTCairoImageSurface.h; sourceTree = "<group>"; };
		B1A5A22F0EFAF0B9008F1069 /* BTCairoImageSurface.m */ = {isa = PBXFileReference; fileEncoding = 4; lastKnownFileType = sourcecode.c.objc; path = BTCairoImageSurface.m; sourceTree = "<group>"; };
		B1A5A2300EFAF0B9008F1069 /* BTCairoSurface.h */ = {isa = PBXFileReference; fileEncoding = 4; lastKnownFileType = sourcecode.c.h; path = BTCairoSurface.h; sourceTree = "<group>"; };
		B1A5A2310EFAF0B9008F1069 /* BTCairoSurface.m */ = {isa = PBXFileReference; fileEncoding = 4; lastKnownFileType = sourcecode.c.objc; path = BTCairoSurface.m; sourceTree = "<group>"; };
		B1A5A2390EFAF1A1008F1069 /* libcairo.a */ = {isa = PBXFileReference; lastKnownFileType = archive.ar; name = libcairo.a; path = /opt/local/lib/libcairo.a; sourceTree = "<absolute>"; };
		B1A5A2450EFAF771008F1069 /* BTCairo.h */ = {isa = PBXFileReference; fileEncoding = 4; lastKnownFileType = sourcecode.c.h; path = BTCairo.h; sourceTree = "<group>"; };
		B1A5A2490EFAFE94008F1069 /* BTCairoGeometry.h */ = {isa = PBXFileReference; fileEncoding = 4; lastKnownFileType = sourcecode.c.h; path = BTCairoGeometry.h; sourceTree = "<group>"; };
		B1A5A29E0EFB1283008F1069 /* BTCairoPattern.h */ = {isa = PBXFileReference; fileEncoding = 4; lastKnownFileType = sourcecode.c.h; path = BTCairoPattern.h; sourceTree = "<group>"; };
		B1A5A29F0EFB1283008F1069 /* BTCairoPattern.m */ = {isa = PBXFileReference; fileEncoding = 4; lastKnownFileType = sourcecode.c.objc; path = BTCairoPattern.m; sourceTree = "<group>"; };
		D2AAC07E0554694100DB518D /* libobjccairo.a */ = {isa = PBXFileReference; explicitFileType = archive.ar; includeInIndex = 0; path = libobjccairo.a; sourceTree = BUILT_PRODUCTS_DIR; };
/* End PBXFileReference section */

/* Begin PBXFrameworksBuildPhase section */
		D2AAC07C0554694100DB518D /* Frameworks */ = {
			isa = PBXFrameworksBuildPhase;
			buildActionMask = 2147483647;
			files = (
				B1A5A23A0EFAF1A1008F1069 /* libcairo.a in Frameworks */,
			);
			runOnlyForDeploymentPostprocessing = 0;
		};
/* End PBXFrameworksBuildPhase section */

/* Begin PBXGroup section */
		034768DFFF38A50411DB9C8B /* Products */ = {
			isa = PBXGroup;
			children = (
				D2AAC07E0554694100DB518D /* libobjccairo.a */,
			);
			name = Products;
			sourceTree = "<group>";
		};
		0867D691FE84028FC02AAC07 /* objccairo */ = {
			isa = PBXGroup;
			children = (
				08FB77AEFE84172EC02AAC07 /* Classes */,
				32C88DFF0371C24200C91783 /* Other Sources */,
				0867D69AFE84028FC02AAC07 /* External Frameworks and Libraries */,
				034768DFFF38A50411DB9C8B /* Products */,
			);
			name = objccairo;
			sourceTree = "<group>";
		};
		0867D69AFE84028FC02AAC07 /* External Frameworks and Libraries */ = {
			isa = PBXGroup;
			children = (
				B1A5A2380EFAF165008F1069 /* Libraries */,
				1058C7B0FEA5585E11CA2CBB /* Linked Frameworks */,
				1058C7B2FEA5585E11CA2CBB /* Other Frameworks */,
			);
			name = "External Frameworks and Libraries";
			sourceTree = "<group>";
		};
		08FB77AEFE84172EC02AAC07 /* Classes */ = {
			isa = PBXGroup;
			children = (
				B1A5A22C0EFAF0B9008F1069 /* BTCairoContext.h */,
				B1A5A22D0EFAF0B9008F1069 /* BTCairoContext.m */,
				B1A5A29E0EFB1283008F1069 /* BTCairoPattern.h */,
				B1A5A29F0EFB1283008F1069 /* BTCairoPattern.m */,
				B1A5A22E0EFAF0B9008F1069 /* BTCairoImageSurface.h */,
				B1A5A22F0EFAF0B9008F1069 /* BTCairoImageSurface.m */,
				B1A5A2300EFAF0B9008F1069 /* BTCairoSurface.h */,
				B1A5A2310EFAF0B9008F1069 /* BTCairoSurface.m */,
				B1A5A2450EFAF771008F1069 /* BTCairo.h */,
				B1A5A2490EFAFE94008F1069 /* BTCairoGeometry.h */,
			);
			name = Classes;
			sourceTree = "<group>";
		};
		1058C7B0FEA5585E11CA2CBB /* Linked Frameworks */ = {
			isa = PBXGroup;
			children = (
				0867D69BFE84028FC02AAC07 /* Foundation.framework */,
			);
			name = "Linked Frameworks";
			sourceTree = "<group>";
		};
		1058C7B2FEA5585E11CA2CBB /* Other Frameworks */ = {
			isa = PBXGroup;
			children = (
			);
			name = "Other Frameworks";
			sourceTree = "<group>";
		};
		32C88DFF0371C24200C91783 /* Other Sources */ = {
			isa = PBXGroup;
			children = (
				32DBCF5E0370ADEE00C91783 /* objccairo_Prefix.pch */,
			);
			name = "Other Sources";
			sourceTree = "<group>";
		};
		B1A5A2380EFAF165008F1069 /* Libraries */ = {
			isa = PBXGroup;
			children = (
				B1A5A2390EFAF1A1008F1069 /* libcairo.a */,
			);
			name = Libraries;
			sourceTree = "<group>";
		};
/* End PBXGroup section */

/* Begin PBXHeadersBuildPhase section */
		D2AAC07A0554694100DB518D /* Headers */ = {
			isa = PBXHeadersBuildPhase;
			buildActionMask = 2147483647;
			files = (
				B1A5A2320EFAF0B9008F1069 /* BTCairoContext.h in Headers */,
				B1A5A2340EFAF0B9008F1069 /* BTCairoImageSurface.h in Headers */,
				B1A5A2360EFAF0B9008F1069 /* BTCairoSurface.h in Headers */,
				B1A5A2460EFAF771008F1069 /* BTCairo.h in Headers */,
				B1A5A24A0EFAFE94008F1069 /* BTCairoGeometry.h in Headers */,
				B1A5A2A00EFB1283008F1069 /* BTCairoPattern.h in Headers */,
			);
			runOnlyForDeploymentPostprocessing = 0;
		};
/* End PBXHeadersBuildPhase section */

/* Begin PBXNativeTarget section */
		D2AAC07D0554694100DB518D /* objccairo */ = {
			isa = PBXNativeTarget;
			buildConfigurationList = 1DEB921E08733DC00010E9CD /* Build configuration list for PBXNativeTarget "objccairo" */;
			buildPhases = (
				D2AAC07A0554694100DB518D /* Headers */,
				D2AAC07B0554694100DB518D /* Sources */,
				D2AAC07C0554694100DB518D /* Frameworks */,
			);
			buildRules = (
			);
			dependencies = (
			);
			name = objccairo;
			productName = objccairo;
			productReference = D2AAC07E0554694100DB518D /* libobjccairo.a */;
			productType = "com.apple.product-type.library.static";
		};
/* End PBXNativeTarget section */

/* Begin PBXProject section */
		0867D690FE84028FC02AAC07 /* Project object */ = {
			isa = PBXProject;
			buildConfigurationList = 1DEB922208733DC00010E9CD /* Build configuration list for PBXProject "objccairo" */;
			compatibilityVersion = "Xcode 3.1";
			hasScannedForEncodings = 1;
			mainGroup = 0867D691FE84028FC02AAC07 /* objccairo */;
			productRefGroup = 034768DFFF38A50411DB9C8B /* Products */;
			projectDirPath = "";
			projectRoot = "";
			targets = (
				D2AAC07D0554694100DB518D /* objccairo */,
			);
		};
/* End PBXProject section */

/* Begin PBXSourcesBuildPhase section */
		D2AAC07B0554694100DB518D /* Sources */ = {
			isa = PBXSourcesBuildPhase;
			buildActionMask = 2147483647;
			files = (
				B1A5A2330EFAF0B9008F1069 /* BTCairoContext.m in Sources */,
				B1A5A2350EFAF0B9008F1069 /* BTCairoImageSurface.m in Sources */,
				B1A5A2370EFAF0B9008F1069 /* BTCairoSurface.m in Sources */,
				B1A5A2A10EFB1283008F1069 /* BTCairoPattern.m in Sources */,
			);
			runOnlyForDeploymentPostprocessing = 0;
		};
/* End PBXSourcesBuildPhase section */

/* Begin XCBuildConfiguration section */
		1DEB921F08733DC00010E9CD /* Debug */ = {
			isa = XCBuildConfiguration;
			buildSettings = {
				ALWAYS_SEARCH_USER_PATHS = NO;
				ARCHS = "$(ARCHS_STANDARD_32_BIT)";
				COPY_PHASE_STRIP = NO;
				GCC_DYNAMIC_NO_PIC = NO;
				GCC_ENABLE_FIX_AND_CONTINUE = YES;
				GCC_MODEL_TUNING = G5;
				GCC_OPTIMIZATION_LEVEL = 0;
				GCC_PRECOMPILE_PREFIX_HEADER = YES;
				GCC_PREFIX_HEADER = objccairo_Prefix.pch;
				GCC_TREAT_IMPLICIT_FUNCTION_DECLARATIONS_AS_ERRORS = YES;
				GCC_TREAT_WARNINGS_AS_ERRORS = YES;
				GCC_WARN_64_TO_32_BIT_CONVERSION = YES;
				GCC_WARN_ABOUT_MISSING_NEWLINE = YES;
				GCC_WARN_ABOUT_MISSING_PROTOTYPES = YES;
				GCC_WARN_CHECK_SWITCH_STATEMENTS = YES;
				GCC_WARN_INITIALIZER_NOT_FULLY_BRACKETED = YES;
				GCC_WARN_MISSING_PARENTHESES = YES;
				GCC_WARN_PROTOTYPE_CONVERSION = NO;
				GCC_WARN_SHADOW = NO;
				GCC_WARN_SIGN_COMPARE = YES;
				GCC_WARN_TYPECHECK_CALLS_TO_PRINTF = YES;
				GCC_WARN_UNUSED_FUNCTION = YES;
				GCC_WARN_UNUSED_PARAMETER = YES;
				GCC_WARN_UNUSED_VALUE = YES;
				HEADER_SEARCH_PATHS = /opt/local/include/cairo;
				INSTALL_PATH = /usr/local/lib;
				LIBRARY_SEARCH_PATHS = (
					"$(inherited)",
					/opt/local/lib,
				);
				ONLY_ACTIVE_ARCH = YES;
				PRODUCT_NAME = objccairo;
			};
			name = Debug;
		};
		1DEB922008733DC00010E9CD /* Release */ = {
			isa = XCBuildConfiguration;
			buildSettings = {
				ALWAYS_SEARCH_USER_PATHS = NO;
				ARCHS = "$(ARCHS_STANDARD_32_BIT)";
				DEBUG_INFORMATION_FORMAT = "dwarf-with-dsym";
				GCC_MODEL_TUNING = G5;
				GCC_PRECOMPILE_PREFIX_HEADER = YES;
				GCC_PREFIX_HEADER = objccairo_Prefix.pch;
				GCC_TREAT_IMPLICIT_FUNCTION_DECLARATIONS_AS_ERRORS = YES;
				GCC_TREAT_WARNINGS_AS_ERRORS = YES;
				GCC_WARN_64_TO_32_BIT_CONVERSION = YES;
				GCC_WARN_ABOUT_MISSING_NEWLINE = YES;
				GCC_WARN_ABOUT_MISSING_PROTOTYPES = YES;
				GCC_WARN_CHECK_SWITCH_STATEMENTS = YES;
				GCC_WARN_INITIALIZER_NOT_FULLY_BRACKETED = YES;
				GCC_WARN_MISSING_PARENTHESES = YES;
				GCC_WARN_PROTOTYPE_CONVERSION = NO;
				GCC_WARN_SHADOW = NO;
				GCC_WARN_SIGN_COMPARE = YES;
				GCC_WARN_TYPECHECK_CALLS_TO_PRINTF = YES;
				GCC_WARN_UNUSED_FUNCTION = YES;
				GCC_WARN_UNUSED_PARAMETER = YES;
				GCC_WARN_UNUSED_VALUE = YES;
				HEADER_SEARCH_PATHS = /opt/local/include/cairo;
				INSTALL_PATH = /usr/local/lib;
				LIBRARY_SEARCH_PATHS = (
					"$(inherited)",
					/opt/local/lib,
				);
				PRODUCT_NAME = objccairo;
			};
			name = Release;
		};
		1DEB922308733DC00010E9CD /* Debug */ = {
			isa = XCBuildConfiguration;
			buildSettings = {
				ARCHS = "$(ARCHS_STANDARD_32_BIT)";
				GCC_C_LANGUAGE_STANDARD = c99;
				GCC_OPTIMIZATION_LEVEL = 0;
				GCC_WARN_ABOUT_RETURN_TYPE = YES;
				GCC_WARN_UNUSED_VARIABLE = YES;
				ONLY_ACTIVE_ARCH = YES;
				PREBINDING = NO;
				SDKROOT = macosx10.5;
			};
			name = Debug;
		};
		1DEB922408733DC00010E9CD /* Release */ = {
			isa = XCBuildConfiguration;
			buildSettings = {
				ARCHS = "$(ARCHS_STANDARD_32_BIT)";
				GCC_C_LANGUAGE_STANDARD = c99;
				GCC_WARN_ABOUT_RETURN_TYPE = YES;
				GCC_WARN_UNUSED_VARIABLE = YES;
				PREBINDING = NO;
				SDKROOT = macosx10.5;
			};
			name = Release;
		};
/* End XCBuildConfiguration section */

/* Begin XCConfigurationList section */
		1DEB921E08733DC00010E9CD /* Build configuration list for PBXNativeTarget "objccairo" */ = {
			isa = XCConfigurationList;
			buildConfigurations = (
				1DEB921F08733DC00010E9CD /* Debug */,
				1DEB922008733DC00010E9CD /* Release */,
			);
			defaultConfigurationIsVisible = 0;
			defaultConfigurationName = Release;
		};
		1DEB922208733DC00010E9CD /* Build configuration list for PBXProject "objccairo" */ = {
			isa = XCConfigurationList;
			buildConfigurations = (
				1DEB922308733DC00010E9CD /* Debug */,
				1DEB922408733DC00010E9CD /* Release */,
			);
			defaultConfigurationIsVisible = 0;
			defaultConfigurationName = Release;
		};
/* End XCConfigurationList section */
	};
	rootObject = 0867D690FE84028FC02AAC07 /* Project object */;
}
